
Microsoft Visual Studio Solution File, Format Version 12.00
# Visual Studio Version 16
VisualStudioVersion = 16.0.29613.14
MinimumVisualStudioVersion = 10.0.40219.1
Project("{FAE04EC0-301F-11D3-BF4B-00C04F79EFBC}") = "BeatSaber - All Songs Downloader", "BeatSaber - All Songs Downloader\BeatSaber - All Songs Downloader.csproj", "{785E965C-84BF-48B8-B526-8F5FC3C1B004}"
EndProject
Project("{00D1A9C2-B5F0-4AF3-8072-F6C62B433612}") = "Database", "Database\Database.sqlproj", "{65206515-2375-457B-A7E7-AA498D929DE5}"
EndProject
Global
	GlobalSection(SolutionConfigurationPlatforms) = preSolution
		Debug|Any CPU = Debug|Any CPU
		Release|Any CPU = Release|Any CPU
	EndGlobalSection
	GlobalSection(ProjectConfigurationPlatforms) = postSolution
		{785E965C-84BF-48B8-B526-8F5FC3C1B004}.Debug|Any CPU.ActiveCfg = Debug|Any CPU
		{785E965C-84BF-48B8-B526-8F5FC3C1B004}.Debug|Any CPU.Build.0 = Debug|Any CPU
		{785E965C-84BF-48B8-B526-8F5FC3C1B004}.Release|Any CPU.ActiveCfg = Release|Any CPU
		{785E965C-84BF-48B8-B526-8F5FC3C1B004}.Release|Any CPU.Build.0 = Release|Any CPU
		{65206515-2375-457B-A7E7-AA498D929DE5}.Debug|Any CPU.ActiveCfg = Debug|Any CPU
		{65206515-2375-457B-A7E7-AA498D929DE5}.Debug|Any CPU.Build.0 = Debug|Any CPU
		{65206515-2375-457B-A7E7-AA498D929DE5}.Debug|Any CPU.Deploy.0 = Debug|Any CPU
		{65206515-2375-457B-A7E7-AA498D929DE5}.Release|Any CPU.ActiveCfg = Release|Any CPU
		{65206515-2375-457B-A7E7-AA498D929DE5}.Release|Any CPU.Build.0 = Release|Any CPU
		{65206515-2375-457B-A7E7-AA498D929DE5}.Release|Any CPU.Deploy.0 = Release|Any CPU
	EndGlobalSection
	GlobalSection(SolutionProperties) = preSolution
		HideSolutionNode = FALSE
	EndGlobalSection
	GlobalSection(ExtensibilityGlobals) = postSolution
		SolutionGuid = {379195EB-1725-4259-B1E0-8E7EB8D51EA8}
	EndGlobalSection
EndGlobal
